// !$*UTF8*$!
{
	archiveVersion = 1;
	classes = {
	};
	objectVersion = 55;
	objects = {

/* Begin PBXBuildFile section */
		C893F11A2838AC8500789013 /* XcodeToolsApp.swift in Sources */ = {isa = PBXBuildFile; fileRef = C893F1192838AC8500789013 /* XcodeToolsApp.swift */; };
		C893F11C2838AC8500789013 /* ContentView.swift in Sources */ = {isa = PBXBuildFile; fileRef = C893F11B2838AC8500789013 /* ContentView.swift */; };
		C893F11E2838AC8800789013 /* Assets.xcassets in Resources */ = {isa = PBXBuildFile; fileRef = C893F11D2838AC8800789013 /* Assets.xcassets */; };
		C893F1212838AC8800789013 /* Preview Assets.xcassets in Resources */ = {isa = PBXBuildFile; fileRef = C893F1202838AC8800789013 /* Preview Assets.xcassets */; };
		C893F12C2838AC8800789013 /* XcodeToolsTests.swift in Sources */ = {isa = PBXBuildFile; fileRef = C893F12B2838AC8800789013 /* XcodeToolsTests.swift */; };
		C893F1362838AC8800789013 /* XcodeToolsUITests.swift in Sources */ = {isa = PBXBuildFile; fileRef = C893F1352838AC8800789013 /* XcodeToolsUITests.swift */; };
		C893F1382838AC8800789013 /* XcodeToolsUITestsLaunchTests.swift in Sources */ = {isa = PBXBuildFile; fileRef = C893F1372838AC8800789013 /* XcodeToolsUITestsLaunchTests.swift */; };
		C893F14B2838ACB700789013 /* Cocoa.framework in Frameworks */ = {isa = PBXBuildFile; fileRef = C893F14A2838ACB700789013 /* Cocoa.framework */; };
		C893F1502838ACB700789013 /* SourceEditorExtension.swift in Sources */ = {isa = PBXBuildFile; fileRef = C893F14F2838ACB700789013 /* SourceEditorExtension.swift */; };
		C893F1522838ACB700789013 /* BlockCommentCommand.swift in Sources */ = {isa = PBXBuildFile; fileRef = C893F1512838ACB700789013 /* BlockCommentCommand.swift */; };
		C893F1572838ACB700789013 /* Xcode Tools.appex in Embed App Extensions */ = {isa = PBXBuildFile; fileRef = C893F1482838ACB700789013 /* Xcode Tools.appex */; settings = {ATTRIBUTES = (RemoveHeadersOnCopy, ); }; };
		C893F15C2838AFD600789013 /* XcodeKit.framework in Frameworks */ = {isa = PBXBuildFile; fileRef = C893F14C2838ACB700789013 /* XcodeKit.framework */; };
		C893F15D2838AFD600789013 /* XcodeKit.framework in Embed Frameworks */ = {isa = PBXBuildFile; fileRef = C893F14C2838ACB700789013 /* XcodeKit.framework */; settings = {ATTRIBUTES = (CodeSignOnCopy, RemoveHeadersOnCopy, ); }; };
		C893F1602838B09200789013 /* SortImportsCommand.swift in Sources */ = {isa = PBXBuildFile; fileRef = C893F15F2838B09100789013 /* SortImportsCommand.swift */; };
		C89F1F7F28394CEA00E31013 /* TitleCaseIgnoreCapitalCommand.swift in Sources */ = {isa = PBXBuildFile; fileRef = C89F1F7E28394CE600E31013 /* TitleCaseIgnoreCapitalCommand.swift */; };
		C89F1F8028394CEA00E31013 /* CamelCaseIgnoreCapitalCommand.swift in Sources */ = {isa = PBXBuildFile; fileRef = C89F1F7D28394CE600E31013 /* CamelCaseIgnoreCapitalCommand.swift */; };
		C8F56A8E28393E0B00E039C2 /* UppercaseCommand.swift in Sources */ = {isa = PBXBuildFile; fileRef = C8F56A8D28393E0B00E039C2 /* UppercaseCommand.swift */; };
		C8F56A922839489300E039C2 /* TitleCaseCommand.swift in Sources */ = {isa = PBXBuildFile; fileRef = C8F56A8F2839489300E039C2 /* TitleCaseCommand.swift */; };
		C8F56A932839489300E039C2 /* LowercaseCommand.swift in Sources */ = {isa = PBXBuildFile; fileRef = C8F56A902839489300E039C2 /* LowercaseCommand.swift */; };
		C8F56A942839489300E039C2 /* CamelCaseCommand.swift in Sources */ = {isa = PBXBuildFile; fileRef = C8F56A912839489300E039C2 /* CamelCaseCommand.swift */; };
/* End PBXBuildFile section */

/* Begin PBXContainerItemProxy section */
		C893F1282838AC8800789013 /* PBXContainerItemProxy */ = {
			isa = PBXContainerItemProxy;
			containerPortal = C893F10E2838AC8500789013 /* Project object */;
			proxyType = 1;
			remoteGlobalIDString = C893F1152838AC8500789013;
			remoteInfo = XcodeTools;
		};
		C893F1322838AC8800789013 /* PBXContainerItemProxy */ = {
			isa = PBXContainerItemProxy;
			containerPortal = C893F10E2838AC8500789013 /* Project object */;
			proxyType = 1;
			remoteGlobalIDString = C893F1152838AC8500789013;
			remoteInfo = XcodeTools;
		};
		C893F1552838ACB700789013 /* PBXContainerItemProxy */ = {
			isa = PBXContainerItemProxy;
			containerPortal = C893F10E2838AC8500789013 /* Project object */;
			proxyType = 1;
			remoteGlobalIDString = C893F1472838ACB700789013;
			remoteInfo = EditorExtension;
		};
/* End PBXContainerItemProxy section */

/* Begin PBXCopyFilesBuildPhase section */
		C893F15B2838ACB700789013 /* Embed App Extensions */ = {
			isa = PBXCopyFilesBuildPhase;
			buildActionMask = 2147483647;
			dstPath = "";
			dstSubfolderSpec = 13;
			files = (
				C893F1572838ACB700789013 /* Xcode Tools.appex in Embed App Extensions */,
			);
			name = "Embed App Extensions";
			runOnlyForDeploymentPostprocessing = 0;
		};
		C893F15E2838AFD600789013 /* Embed Frameworks */ = {
			isa = PBXCopyFilesBuildPhase;
			buildActionMask = 2147483647;
			dstPath = "";
			dstSubfolderSpec = 10;
			files = (
				C893F15D2838AFD600789013 /* XcodeKit.framework in Embed Frameworks */,
			);
			name = "Embed Frameworks";
			runOnlyForDeploymentPostprocessing = 0;
		};
/* End PBXCopyFilesBuildPhase section */

/* Begin PBXFileReference section */
		C893F1162838AC8500789013 /* XcodeTools.app */ = {isa = PBXFileReference; explicitFileType = wrapper.application; includeInIndex = 0; path = XcodeTools.app; sourceTree = BUILT_PRODUCTS_DIR; };
		C893F1192838AC8500789013 /* XcodeToolsApp.swift */ = {isa = PBXFileReference; lastKnownFileType = sourcecode.swift; path = XcodeToolsApp.swift; sourceTree = "<group>"; };
		C893F11B2838AC8500789013 /* ContentView.swift */ = {isa = PBXFileReference; lastKnownFileType = sourcecode.swift; path = ContentView.swift; sourceTree = "<group>"; };
		C893F11D2838AC8800789013 /* Assets.xcassets */ = {isa = PBXFileReference; lastKnownFileType = folder.assetcatalog; path = Assets.xcassets; sourceTree = "<group>"; };
		C893F1202838AC8800789013 /* Preview Assets.xcassets */ = {isa = PBXFileReference; lastKnownFileType = folder.assetcatalog; path = "Preview Assets.xcassets"; sourceTree = "<group>"; };
		C893F1222838AC8800789013 /* XcodeTools.entitlements */ = {isa = PBXFileReference; lastKnownFileType = text.plist.entitlements; path = XcodeTools.entitlements; sourceTree = "<group>"; };
		C893F1272838AC8800789013 /* XcodeToolsTests.xctest */ = {isa = PBXFileReference; explicitFileType = wrapper.cfbundle; includeInIndex = 0; path = XcodeToolsTests.xctest; sourceTree = BUILT_PRODUCTS_DIR; };
		C893F12B2838AC8800789013 /* XcodeToolsTests.swift */ = {isa = PBXFileReference; lastKnownFileType = sourcecode.swift; path = XcodeToolsTests.swift; sourceTree = "<group>"; };
		C893F1312838AC8800789013 /* XcodeToolsUITests.xctest */ = {isa = PBXFileReference; explicitFileType = wrapper.cfbundle; includeInIndex = 0; path = XcodeToolsUITests.xctest; sourceTree = BUILT_PRODUCTS_DIR; };
		C893F1352838AC8800789013 /* XcodeToolsUITests.swift */ = {isa = PBXFileReference; lastKnownFileType = sourcecode.swift; path = XcodeToolsUITests.swift; sourceTree = "<group>"; };
		C893F1372838AC8800789013 /* XcodeToolsUITestsLaunchTests.swift */ = {isa = PBXFileReference; lastKnownFileType = sourcecode.swift; path = XcodeToolsUITestsLaunchTests.swift; sourceTree = "<group>"; };
		C893F1482838ACB700789013 /* Xcode Tools.appex */ = {isa = PBXFileReference; explicitFileType = "wrapper.app-extension"; includeInIndex = 0; path = "Xcode Tools.appex"; sourceTree = BUILT_PRODUCTS_DIR; };
		C893F14A2838ACB700789013 /* Cocoa.framework */ = {isa = PBXFileReference; lastKnownFileType = wrapper.framework; name = Cocoa.framework; path = System/Library/Frameworks/Cocoa.framework; sourceTree = SDKROOT; };
		C893F14C2838ACB700789013 /* XcodeKit.framework */ = {isa = PBXFileReference; lastKnownFileType = wrapper.framework; name = XcodeKit.framework; path = Library/Frameworks/XcodeKit.framework; sourceTree = DEVELOPER_DIR; };
		C893F14F2838ACB700789013 /* SourceEditorExtension.swift */ = {isa = PBXFileReference; lastKnownFileType = sourcecode.swift; path = SourceEditorExtension.swift; sourceTree = "<group>"; };
		C893F1512838ACB700789013 /* BlockCommentCommand.swift */ = {isa = PBXFileReference; lastKnownFileType = sourcecode.swift; path = BlockCommentCommand.swift; sourceTree = "<group>"; };
		C893F1532838ACB700789013 /* Info.plist */ = {isa = PBXFileReference; lastKnownFileType = text.plist.xml; path = Info.plist; sourceTree = "<group>"; };
		C893F1542838ACB700789013 /* EditorExtension.entitlements */ = {isa = PBXFileReference; lastKnownFileType = text.plist.entitlements; path = EditorExtension.entitlements; sourceTree = "<group>"; };
		C893F15F2838B09100789013 /* SortImportsCommand.swift */ = {isa = PBXFileReference; lastKnownFileType = sourcecode.swift; path = SortImportsCommand.swift; sourceTree = "<group>"; };
		C89F1F7D28394CE600E31013 /* CamelCaseIgnoreCapitalCommand.swift */ = {isa = PBXFileReference; lastKnownFileType = sourcecode.swift; path = CamelCaseIgnoreCapitalCommand.swift; sourceTree = "<group>"; };
		C89F1F7E28394CE600E31013 /* TitleCaseIgnoreCapitalCommand.swift */ = {isa = PBXFileReference; lastKnownFileType = sourcecode.swift; path = TitleCaseIgnoreCapitalCommand.swift; sourceTree = "<group>"; };
		C8F56A8D28393E0B00E039C2 /* UppercaseCommand.swift */ = {isa = PBXFileReference; lastKnownFileType = sourcecode.swift; path = UppercaseCommand.swift; sourceTree = "<group>"; };
		C8F56A8F2839489300E039C2 /* TitleCaseCommand.swift */ = {isa = PBXFileReference; fileEncoding = 4; lastKnownFileType = sourcecode.swift; path = TitleCaseCommand.swift; sourceTree = "<group>"; };
		C8F56A902839489300E039C2 /* LowercaseCommand.swift */ = {isa = PBXFileReference; fileEncoding = 4; lastKnownFileType = sourcecode.swift; path = LowercaseCommand.swift; sourceTree = "<group>"; };
		C8F56A912839489300E039C2 /* CamelCaseCommand.swift */ = {isa = PBXFileReference; fileEncoding = 4; lastKnownFileType = sourcecode.swift; path = CamelCaseCommand.swift; sourceTree = "<group>"; };
/* End PBXFileReference section */

/* Begin PBXFrameworksBuildPhase section */
		C893F1132838AC8500789013 /* Frameworks */ = {
			isa = PBXFrameworksBuildPhase;
			buildActionMask = 2147483647;
			files = (
			);
			runOnlyForDeploymentPostprocessing = 0;
		};
		C893F1242838AC8800789013 /* Frameworks */ = {
			isa = PBXFrameworksBuildPhase;
			buildActionMask = 2147483647;
			files = (
			);
			runOnlyForDeploymentPostprocessing = 0;
		};
		C893F12E2838AC8800789013 /* Frameworks */ = {
			isa = PBXFrameworksBuildPhase;
			buildActionMask = 2147483647;
			files = (
			);
			runOnlyForDeploymentPostprocessing = 0;
		};
		C893F1452838ACB700789013 /* Frameworks */ = {
			isa = PBXFrameworksBuildPhase;
			buildActionMask = 2147483647;
			files = (
				C893F14B2838ACB700789013 /* Cocoa.framework in Frameworks */,
				C893F15C2838AFD600789013 /* XcodeKit.framework in Frameworks */,
			);
			runOnlyForDeploymentPostprocessing = 0;
		};
/* End PBXFrameworksBuildPhase section */

/* Begin PBXGroup section */
		C893F10D2838AC8500789013 = {
			isa = PBXGroup;
			children = (
				C893F1182838AC8500789013 /* XcodeTools */,
				C893F12A2838AC8800789013 /* XcodeToolsTests */,
				C893F1342838AC8800789013 /* XcodeToolsUITests */,
				C893F14E2838ACB700789013 /* EditorExtension */,
				C893F1492838ACB700789013 /* Frameworks */,
				C893F1172838AC8500789013 /* Products */,
			);
			sourceTree = "<group>";
		};
		C893F1172838AC8500789013 /* Products */ = {
			isa = PBXGroup;
			children = (
				C893F1162838AC8500789013 /* XcodeTools.app */,
				C893F1272838AC8800789013 /* XcodeToolsTests.xctest */,
				C893F1312838AC8800789013 /* XcodeToolsUITests.xctest */,
				C893F1482838ACB700789013 /* Xcode Tools.appex */,
			);
			name = Products;
			sourceTree = "<group>";
		};
		C893F1182838AC8500789013 /* XcodeTools */ = {
			isa = PBXGroup;
			children = (
				C893F1192838AC8500789013 /* XcodeToolsApp.swift */,
				C893F11B2838AC8500789013 /* ContentView.swift */,
				C893F11D2838AC8800789013 /* Assets.xcassets */,
				C893F1222838AC8800789013 /* XcodeTools.entitlements */,
				C893F11F2838AC8800789013 /* Preview Content */,
			);
			path = XcodeTools;
			sourceTree = "<group>";
		};
		C893F11F2838AC8800789013 /* Preview Content */ = {
			isa = PBXGroup;
			children = (
				C893F1202838AC8800789013 /* Preview Assets.xcassets */,
			);
			path = "Preview Content";
			sourceTree = "<group>";
		};
		C893F12A2838AC8800789013 /* XcodeToolsTests */ = {
			isa = PBXGroup;
			children = (
				C893F12B2838AC8800789013 /* XcodeToolsTests.swift */,
			);
			path = XcodeToolsTests;
			sourceTree = "<group>";
		};
		C893F1342838AC8800789013 /* XcodeToolsUITests */ = {
			isa = PBXGroup;
			children = (
				C893F1352838AC8800789013 /* XcodeToolsUITests.swift */,
				C893F1372838AC8800789013 /* XcodeToolsUITestsLaunchTests.swift */,
			);
			path = XcodeToolsUITests;
			sourceTree = "<group>";
		};
		C893F1492838ACB700789013 /* Frameworks */ = {
			isa = PBXGroup;
			children = (
				C893F14A2838ACB700789013 /* Cocoa.framework */,
				C893F14C2838ACB700789013 /* XcodeKit.framework */,
			);
			name = Frameworks;
			sourceTree = "<group>";
		};
		C893F14E2838ACB700789013 /* EditorExtension */ = {
			isa = PBXGroup;
			children = (
				C893F14F2838ACB700789013 /* SourceEditorExtension.swift */,
				C893F1512838ACB700789013 /* BlockCommentCommand.swift */,
				C893F15F2838B09100789013 /* SortImportsCommand.swift */,
				C8F56A8D28393E0B00E039C2 /* UppercaseCommand.swift */,
				C8F56A912839489300E039C2 /* CamelCaseCommand.swift */,
				C89F1F7D28394CE600E31013 /* CamelCaseIgnoreCapitalCommand.swift */,
				C89F1F7E28394CE600E31013 /* TitleCaseIgnoreCapitalCommand.swift */,
				C8F56A902839489300E039C2 /* LowercaseCommand.swift */,
				C8F56A8F2839489300E039C2 /* TitleCaseCommand.swift */,
				C893F1532838ACB700789013 /* Info.plist */,
				C893F1542838ACB700789013 /* EditorExtension.entitlements */,
			);
			path = EditorExtension;
			sourceTree = "<group>";
		};
/* End PBXGroup section */

/* Begin PBXNativeTarget section */
		C893F1152838AC8500789013 /* XcodeTools */ = {
			isa = PBXNativeTarget;
			buildConfigurationList = C893F13B2838AC8800789013 /* Build configuration list for PBXNativeTarget "XcodeTools" */;
			buildPhases = (
				C893F1122838AC8500789013 /* Sources */,
				C893F1132838AC8500789013 /* Frameworks */,
				C893F1142838AC8500789013 /* Resources */,
				C893F15B2838ACB700789013 /* Embed App Extensions */,
			);
			buildRules = (
			);
			dependencies = (
				C893F1562838ACB700789013 /* PBXTargetDependency */,
			);
			name = XcodeTools;
			productName = XcodeTools;
			productReference = C893F1162838AC8500789013 /* XcodeTools.app */;
			productType = "com.apple.product-type.application";
		};
		C893F1262838AC8800789013 /* XcodeToolsTests */ = {
			isa = PBXNativeTarget;
			buildConfigurationList = C893F13E2838AC8800789013 /* Build configuration list for PBXNativeTarget "XcodeToolsTests" */;
			buildPhases = (
				C893F1232838AC8800789013 /* Sources */,
				C893F1242838AC8800789013 /* Frameworks */,
				C893F1252838AC8800789013 /* Resources */,
			);
			buildRules = (
			);
			dependencies = (
				C893F1292838AC8800789013 /* PBXTargetDependency */,
			);
			name = XcodeToolsTests;
			productName = XcodeToolsTests;
			productReference = C893F1272838AC8800789013 /* XcodeToolsTests.xctest */;
			productType = "com.apple.product-type.bundle.unit-test";
		};
		C893F1302838AC8800789013 /* XcodeToolsUITests */ = {
			isa = PBXNativeTarget;
			buildConfigurationList = C893F1412838AC8800789013 /* Build configuration list for PBXNativeTarget "XcodeToolsUITests" */;
			buildPhases = (
				C893F12D2838AC8800789013 /* Sources */,
				C893F12E2838AC8800789013 /* Frameworks */,
				C893F12F2838AC8800789013 /* Resources */,
			);
			buildRules = (
			);
			dependencies = (
				C893F1332838AC8800789013 /* PBXTargetDependency */,
			);
			name = XcodeToolsUITests;
			productName = XcodeToolsUITests;
			productReference = C893F1312838AC8800789013 /* XcodeToolsUITests.xctest */;
			productType = "com.apple.product-type.bundle.ui-testing";
		};
		C893F1472838ACB700789013 /* Xcode Tools */ = {
			isa = PBXNativeTarget;
			buildConfigurationList = C893F1582838ACB700789013 /* Build configuration list for PBXNativeTarget "Xcode Tools" */;
			buildPhases = (
				C893F1442838ACB700789013 /* Sources */,
				C893F1452838ACB700789013 /* Frameworks */,
				C893F1462838ACB700789013 /* Resources */,
				C893F15E2838AFD600789013 /* Embed Frameworks */,
			);
			buildRules = (
			);
			dependencies = (
			);
			name = "Xcode Tools";
			productName = EditorExtension;
			productReference = C893F1482838ACB700789013 /* Xcode Tools.appex */;
			productType = "com.apple.product-type.xcode-extension";
		};
/* End PBXNativeTarget section */

/* Begin PBXProject section */
		C893F10E2838AC8500789013 /* Project object */ = {
			isa = PBXProject;
			attributes = {
				BuildIndependentTargetsInParallel = 1;
				LastSwiftUpdateCheck = 1340;
				LastUpgradeCheck = 1340;
				TargetAttributes = {
					C893F1152838AC8500789013 = {
						CreatedOnToolsVersion = 13.4;
					};
					C893F1262838AC8800789013 = {
						CreatedOnToolsVersion = 13.4;
						TestTargetID = C893F1152838AC8500789013;
					};
					C893F1302838AC8800789013 = {
						CreatedOnToolsVersion = 13.4;
						TestTargetID = C893F1152838AC8500789013;
					};
					C893F1472838ACB700789013 = {
						CreatedOnToolsVersion = 13.4;
					};
				};
			};
			buildConfigurationList = C893F1112838AC8500789013 /* Build configuration list for PBXProject "XcodeTools" */;
			compatibilityVersion = "Xcode 13.0";
			developmentRegion = en;
			hasScannedForEncodings = 0;
			knownRegions = (
				en,
				Base,
			);
			mainGroup = C893F10D2838AC8500789013;
			productRefGroup = C893F1172838AC8500789013 /* Products */;
			projectDirPath = "";
			projectRoot = "";
			targets = (
				C893F1152838AC8500789013 /* XcodeTools */,
				C893F1262838AC8800789013 /* XcodeToolsTests */,
				C893F1302838AC8800789013 /* XcodeToolsUITests */,
				C893F1472838ACB700789013 /* Xcode Tools */,
			);
		};
/* End PBXProject section */

/* Begin PBXResourcesBuildPhase section */
		C893F1142838AC8500789013 /* Resources */ = {
			isa = PBXResourcesBuildPhase;
			buildActionMask = 2147483647;
			files = (
				C893F1212838AC8800789013 /* Preview Assets.xcassets in Resources */,
				C893F11E2838AC8800789013 /* Assets.xcassets in Resources */,
			);
			runOnlyForDeploymentPostprocessing = 0;
		};
		C893F1252838AC8800789013 /* Resources */ = {
			isa = PBXResourcesBuildPhase;
			buildActionMask = 2147483647;
			files = (
			);
			runOnlyForDeploymentPostprocessing = 0;
		};
		C893F12F2838AC8800789013 /* Resources */ = {
			isa = PBXResourcesBuildPhase;
			buildActionMask = 2147483647;
			files = (
			);
			runOnlyForDeploymentPostprocessing = 0;
		};
		C893F1462838ACB700789013 /* Resources */ = {
			isa = PBXResourcesBuildPhase;
			buildActionMask = 2147483647;
			files = (
			);
			runOnlyForDeploymentPostprocessing = 0;
		};
/* End PBXResourcesBuildPhase section */

/* Begin PBXSourcesBuildPhase section */
		C893F1122838AC8500789013 /* Sources */ = {
			isa = PBXSourcesBuildPhase;
			buildActionMask = 2147483647;
			files = (
				C893F11C2838AC8500789013 /* ContentView.swift in Sources */,
				C893F11A2838AC8500789013 /* XcodeToolsApp.swift in Sources */,
			);
			runOnlyForDeploymentPostprocessing = 0;
		};
		C893F1232838AC8800789013 /* Sources */ = {
			isa = PBXSourcesBuildPhase;
			buildActionMask = 2147483647;
			files = (
				C893F12C2838AC8800789013 /* XcodeToolsTests.swift in Sources */,
			);
			runOnlyForDeploymentPostprocessing = 0;
		};
		C893F12D2838AC8800789013 /* Sources */ = {
			isa = PBXSourcesBuildPhase;
			buildActionMask = 2147483647;
			files = (
				C893F1382838AC8800789013 /* XcodeToolsUITestsLaunchTests.swift in Sources */,
				C893F1362838AC8800789013 /* XcodeToolsUITests.swift in Sources */,
			);
			runOnlyForDeploymentPostprocessing = 0;
		};
		C893F1442838ACB700789013 /* Sources */ = {
			isa = PBXSourcesBuildPhase;
			buildActionMask = 2147483647;
			files = (
				C8F56A942839489300E039C2 /* CamelCaseCommand.swift in Sources */,
				C8F56A8E28393E0B00E039C2 /* UppercaseCommand.swift in Sources */,
				C893F1502838ACB700789013 /* SourceEditorExtension.swift in Sources */,
				C8F56A922839489300E039C2 /* TitleCaseCommand.swift in Sources */,
				C89F1F8028394CEA00E31013 /* CamelCaseIgnoreCapitalCommand.swift in Sources */,
				C8F56A932839489300E039C2 /* LowercaseCommand.swift in Sources */,
				C89F1F7F28394CEA00E31013 /* TitleCaseIgnoreCapitalCommand.swift in Sources */,
				C893F1522838ACB700789013 /* BlockCommentCommand.swift in Sources */,
				C893F1602838B09200789013 /* SortImportsCommand.swift in Sources */,
			);
			runOnlyForDeploymentPostprocessing = 0;
		};
/* End PBXSourcesBuildPhase section */

/* Begin PBXTargetDependency section */
		C893F1292838AC8800789013 /* PBXTargetDependency */ = {
			isa = PBXTargetDependency;
			target = C893F1152838AC8500789013 /* XcodeTools */;
			targetProxy = C893F1282838AC8800789013 /* PBXContainerItemProxy */;
		};
		C893F1332838AC8800789013 /* PBXTargetDependency */ = {
			isa = PBXTargetDependency;
			target = C893F1152838AC8500789013 /* XcodeTools */;
			targetProxy = C893F1322838AC8800789013 /* PBXContainerItemProxy */;
		};
		C893F1562838ACB700789013 /* PBXTargetDependency */ = {
			isa = PBXTargetDependency;
			target = C893F1472838ACB700789013 /* Xcode Tools */;
			targetProxy = C893F1552838ACB700789013 /* PBXContainerItemProxy */;
		};
/* End PBXTargetDependency section */

/* Begin XCBuildConfiguration section */
		C893F1392838AC8800789013 /* Debug */ = {
			isa = XCBuildConfiguration;
			buildSettings = {
				ALWAYS_SEARCH_USER_PATHS = NO;
				CLANG_ANALYZER_NONNULL = YES;
				CLANG_ANALYZER_NUMBER_OBJECT_CONVERSION = YES_AGGRESSIVE;
				CLANG_CXX_LANGUAGE_STANDARD = "gnu++17";
				CLANG_ENABLE_MODULES = YES;
				CLANG_ENABLE_OBJC_ARC = YES;
				CLANG_ENABLE_OBJC_WEAK = YES;
				CLANG_WARN_BLOCK_CAPTURE_AUTORELEASING = YES;
				CLANG_WARN_BOOL_CONVERSION = YES;
				CLANG_WARN_COMMA = YES;
				CLANG_WARN_CONSTANT_CONVERSION = YES;
				CLANG_WARN_DEPRECATED_OBJC_IMPLEMENTATIONS = YES;
				CLANG_WARN_DIRECT_OBJC_ISA_USAGE = YES_ERROR;
				CLANG_WARN_DOCUMENTATION_COMMENTS = YES;
				CLANG_WARN_EMPTY_BODY = YES;
				CLANG_WARN_ENUM_CONVERSION = YES;
				CLANG_WARN_INFINITE_RECURSION = YES;
				CLANG_WARN_INT_CONVERSION = YES;
				CLANG_WARN_NON_LITERAL_NULL_CONVERSION = YES;
				CLANG_WARN_OBJC_IMPLICIT_RETAIN_SELF = YES;
				CLANG_WARN_OBJC_LITERAL_CONVERSION = YES;
				CLANG_WARN_OBJC_ROOT_CLASS = YES_ERROR;
				CLANG_WARN_QUOTED_INCLUDE_IN_FRAMEWORK_HEADER = YES;
				CLANG_WARN_RANGE_LOOP_ANALYSIS = YES;
				CLANG_WARN_STRICT_PROTOTYPES = YES;
				CLANG_WARN_SUSPICIOUS_MOVE = YES;
				CLANG_WARN_UNGUARDED_AVAILABILITY = YES_AGGRESSIVE;
				CLANG_WARN_UNREACHABLE_CODE = YES;
				CLANG_WARN__DUPLICATE_METHOD_MATCH = YES;
				COPY_PHASE_STRIP = NO;
				DEBUG_INFORMATION_FORMAT = dwarf;
				ENABLE_STRICT_OBJC_MSGSEND = YES;
				ENABLE_TESTABILITY = YES;
				GCC_C_LANGUAGE_STANDARD = gnu11;
				GCC_DYNAMIC_NO_PIC = NO;
				GCC_NO_COMMON_BLOCKS = YES;
				GCC_OPTIMIZATION_LEVEL = 0;
				GCC_PREPROCESSOR_DEFINITIONS = (
					"DEBUG=1",
					"$(inherited)",
				);
				GCC_WARN_64_TO_32_BIT_CONVERSION = YES;
				GCC_WARN_ABOUT_RETURN_TYPE = YES_ERROR;
				GCC_WARN_UNDECLARED_SELECTOR = YES;
				GCC_WARN_UNINITIALIZED_AUTOS = YES_AGGRESSIVE;
				GCC_WARN_UNUSED_FUNCTION = YES;
				GCC_WARN_UNUSED_VARIABLE = YES;
				MACOSX_DEPLOYMENT_TARGET = 12.3;
				MTL_ENABLE_DEBUG_INFO = INCLUDE_SOURCE;
				MTL_FAST_MATH = YES;
				ONLY_ACTIVE_ARCH = YES;
				SDKROOT = macosx;
				SWIFT_ACTIVE_COMPILATION_CONDITIONS = DEBUG;
				SWIFT_OPTIMIZATION_LEVEL = "-Onone";
			};
			name = Debug;
		};
		C893F13A2838AC8800789013 /* Release */ = {
			isa = XCBuildConfiguration;
			buildSettings = {
				ALWAYS_SEARCH_USER_PATHS = NO;
				CLANG_ANALYZER_NONNULL = YES;
				CLANG_ANALYZER_NUMBER_OBJECT_CONVERSION = YES_AGGRESSIVE;
				CLANG_CXX_LANGUAGE_STANDARD = "gnu++17";
				CLANG_ENABLE_MODULES = YES;
				CLANG_ENABLE_OBJC_ARC = YES;
				CLANG_ENABLE_OBJC_WEAK = YES;
				CLANG_WARN_BLOCK_CAPTURE_AUTORELEASING = YES;
				CLANG_WARN_BOOL_CONVERSION = YES;
				CLANG_WARN_COMMA = YES;
				CLANG_WARN_CONSTANT_CONVERSION = YES;
				CLANG_WARN_DEPRECATED_OBJC_IMPLEMENTATIONS = YES;
				CLANG_WARN_DIRECT_OBJC_ISA_USAGE = YES_ERROR;
				CLANG_WARN_DOCUMENTATION_COMMENTS = YES;
				CLANG_WARN_EMPTY_BODY = YES;
				CLANG_WARN_ENUM_CONVERSION = YES;
				CLANG_WARN_INFINITE_RECURSION = YES;
				CLANG_WARN_INT_CONVERSION = YES;
				CLANG_WARN_NON_LITERAL_NULL_CONVERSION = YES;
				CLANG_WARN_OBJC_IMPLICIT_RETAIN_SELF = YES;
				CLANG_WARN_OBJC_LITERAL_CONVERSION = YES;
				CLANG_WARN_OBJC_ROOT_CLASS = YES_ERROR;
				CLANG_WARN_QUOTED_INCLUDE_IN_FRAMEWORK_HEADER = YES;
				CLANG_WARN_RANGE_LOOP_ANALYSIS = YES;
				CLANG_WARN_STRICT_PROTOTYPES = YES;
				CLANG_WARN_SUSPICIOUS_MOVE = YES;
				CLANG_WARN_UNGUARDED_AVAILABILITY = YES_AGGRESSIVE;
				CLANG_WARN_UNREACHABLE_CODE = YES;
				CLANG_WARN__DUPLICATE_METHOD_MATCH = YES;
				COPY_PHASE_STRIP = NO;
				DEBUG_INFORMATION_FORMAT = "dwarf-with-dsym";
				ENABLE_NS_ASSERTIONS = NO;
				ENABLE_STRICT_OBJC_MSGSEND = YES;
				GCC_C_LANGUAGE_STANDARD = gnu11;
				GCC_NO_COMMON_BLOCKS = YES;
				GCC_WARN_64_TO_32_BIT_CONVERSION = YES;
				GCC_WARN_ABOUT_RETURN_TYPE = YES_ERROR;
				GCC_WARN_UNDECLARED_SELECTOR = YES;
				GCC_WARN_UNINITIALIZED_AUTOS = YES_AGGRESSIVE;
				GCC_WARN_UNUSED_FUNCTION = YES;
				GCC_WARN_UNUSED_VARIABLE = YES;
				MACOSX_DEPLOYMENT_TARGET = 12.3;
				MTL_ENABLE_DEBUG_INFO = NO;
				MTL_FAST_MATH = YES;
				SDKROOT = macosx;
				SWIFT_COMPILATION_MODE = wholemodule;
				SWIFT_OPTIMIZATION_LEVEL = "-O";
			};
			name = Release;
		};
		C893F13C2838AC8800789013 /* Debug */ = {
			isa = XCBuildConfiguration;
			buildSettings = {
				ALWAYS_EMBED_SWIFT_STANDARD_LIBRARIES = YES;
				ASSETCATALOG_COMPILER_APPICON_NAME = AppIcon;
				ASSETCATALOG_COMPILER_GLOBAL_ACCENT_COLOR_NAME = AccentColor;
				CODE_SIGN_ENTITLEMENTS = XcodeTools/XcodeTools.entitlements;
				CODE_SIGN_STYLE = Automatic;
				COMBINE_HIDPI_IMAGES = YES;
				CURRENT_PROJECT_VERSION = 1;
				DEVELOPMENT_ASSET_PATHS = "\"XcodeTools/Preview Content\"";
				DEVELOPMENT_TEAM = U8KS828P9Y;
				ENABLE_HARDENED_RUNTIME = YES;
				ENABLE_PREVIEWS = YES;
				GENERATE_INFOPLIST_FILE = YES;
				INFOPLIST_KEY_NSHumanReadableCopyright = "";
				LD_RUNPATH_SEARCH_PATHS = (
					"$(inherited)",
					"@executable_path/../Frameworks",
				);
				MARKETING_VERSION = 1.0;
				PRODUCT_BUNDLE_IDENTIFIER = io.github.tahirmt.XcodeTools;
				PRODUCT_NAME = "$(TARGET_NAME)";
				SWIFT_EMIT_LOC_STRINGS = YES;
				SWIFT_VERSION = 5.0;
			};
			name = Debug;
		};
		C893F13D2838AC8800789013 /* Release */ = {
			isa = XCBuildConfiguration;
			buildSettings = {
				ALWAYS_EMBED_SWIFT_STANDARD_LIBRARIES = YES;
				ASSETCATALOG_COMPILER_APPICON_NAME = AppIcon;
				ASSETCATALOG_COMPILER_GLOBAL_ACCENT_COLOR_NAME = AccentColor;
				CODE_SIGN_ENTITLEMENTS = XcodeTools/XcodeTools.entitlements;
				CODE_SIGN_STYLE = Automatic;
				COMBINE_HIDPI_IMAGES = YES;
				CURRENT_PROJECT_VERSION = 1;
				DEVELOPMENT_ASSET_PATHS = "\"XcodeTools/Preview Content\"";
				DEVELOPMENT_TEAM = U8KS828P9Y;
				ENABLE_HARDENED_RUNTIME = YES;
				ENABLE_PREVIEWS = YES;
				GENERATE_INFOPLIST_FILE = YES;
				INFOPLIST_KEY_NSHumanReadableCopyright = "";
				LD_RUNPATH_SEARCH_PATHS = (
					"$(inherited)",
					"@executable_path/../Frameworks",
				);
				MARKETING_VERSION = 1.0;
				PRODUCT_BUNDLE_IDENTIFIER = io.github.tahirmt.XcodeTools;
				PRODUCT_NAME = "$(TARGET_NAME)";
				SWIFT_EMIT_LOC_STRINGS = YES;
				SWIFT_VERSION = 5.0;
			};
			name = Release;
		};
		C893F13F2838AC8800789013 /* Debug */ = {
			isa = XCBuildConfiguration;
			buildSettings = {
				ALWAYS_EMBED_SWIFT_STANDARD_LIBRARIES = YES;
				BUNDLE_LOADER = "$(TEST_HOST)";
				CODE_SIGN_STYLE = Automatic;
				CURRENT_PROJECT_VERSION = 1;
				DEVELOPMENT_TEAM = U8KS828P9Y;
				GENERATE_INFOPLIST_FILE = YES;
				MACOSX_DEPLOYMENT_TARGET = 12.3;
				MARKETING_VERSION = 1.0;
				PRODUCT_BUNDLE_IDENTIFIER = io.github.tahirmt.XcodeToolsTests;
				PRODUCT_NAME = "$(TARGET_NAME)";
				SWIFT_EMIT_LOC_STRINGS = NO;
				SWIFT_VERSION = 5.0;
				TEST_HOST = "$(BUILT_PRODUCTS_DIR)/XcodeTools.app/Contents/MacOS/XcodeTools";
			};
			name = Debug;
		};
		C893F1402838AC8800789013 /* Release */ = {
			isa = XCBuildConfiguration;
			buildSettings = {
				ALWAYS_EMBED_SWIFT_STANDARD_LIBRARIES = YES;
				BUNDLE_LOADER = "$(TEST_HOST)";
				CODE_SIGN_STYLE = Automatic;
				CURRENT_PROJECT_VERSION = 1;
				DEVELOPMENT_TEAM = U8KS828P9Y;
				GENERATE_INFOPLIST_FILE = YES;
				MACOSX_DEPLOYMENT_TARGET = 12.3;
				MARKETING_VERSION = 1.0;
				PRODUCT_BUNDLE_IDENTIFIER = io.github.tahirmt.XcodeToolsTests;
				PRODUCT_NAME = "$(TARGET_NAME)";
				SWIFT_EMIT_LOC_STRINGS = NO;
				SWIFT_VERSION = 5.0;
				TEST_HOST = "$(BUILT_PRODUCTS_DIR)/XcodeTools.app/Contents/MacOS/XcodeTools";
			};
			name = Release;
		};
		C893F1422838AC8800789013 /* Debug */ = {
			isa = XCBuildConfiguration;
			buildSettings = {
				ALWAYS_EMBED_SWIFT_STANDARD_LIBRARIES = YES;
				CODE_SIGN_STYLE = Automatic;
				CURRENT_PROJECT_VERSION = 1;
				DEVELOPMENT_TEAM = U8KS828P9Y;
				GENERATE_INFOPLIST_FILE = YES;
				MARKETING_VERSION = 1.0;
				PRODUCT_BUNDLE_IDENTIFIER = io.github.tahirmt.XcodeToolsUITests;
				PRODUCT_NAME = "$(TARGET_NAME)";
				SWIFT_EMIT_LOC_STRINGS = NO;
				SWIFT_VERSION = 5.0;
				TEST_TARGET_NAME = XcodeTools;
			};
			name = Debug;
		};
		C893F1432838AC8800789013 /* Release */ = {
			isa = XCBuildConfiguration;
			buildSettings = {
				ALWAYS_EMBED_SWIFT_STANDARD_LIBRARIES = YES;
				CODE_SIGN_STYLE = Automatic;
				CURRENT_PROJECT_VERSION = 1;
				DEVELOPMENT_TEAM = U8KS828P9Y;
				GENERATE_INFOPLIST_FILE = YES;
				MARKETING_VERSION = 1.0;
				PRODUCT_BUNDLE_IDENTIFIER = io.github.tahirmt.XcodeToolsUITests;
				PRODUCT_NAME = "$(TARGET_NAME)";
				SWIFT_EMIT_LOC_STRINGS = NO;
				SWIFT_VERSION = 5.0;
				TEST_TARGET_NAME = XcodeTools;
			};
			name = Release;
		};
		C893F1592838ACB700789013 /* Debug */ = {
			isa = XCBuildConfiguration;
			buildSettings = {
				CODE_SIGN_ENTITLEMENTS = EditorExtension/EditorExtension.entitlements;
				CODE_SIGN_IDENTITY = "Apple Development";
				CODE_SIGN_STYLE = Automatic;
				COMBINE_HIDPI_IMAGES = YES;
				CURRENT_PROJECT_VERSION = 1;
				DEVELOPMENT_TEAM = U8KS828P9Y;
				ENABLE_HARDENED_RUNTIME = YES;
				GENERATE_INFOPLIST_FILE = YES;
				INFOPLIST_FILE = EditorExtension/Info.plist;
				INFOPLIST_KEY_CFBundleDisplayName = "Xcode Tools";
				INFOPLIST_KEY_NSHumanReadableCopyright = "";
				LD_RUNPATH_SEARCH_PATHS = (
					"$(inherited)",
					"@executable_path/../Frameworks",
					"@executable_path/../../../../Frameworks",
				);
				MARKETING_VERSION = 1.0;
				PRODUCT_BUNDLE_IDENTIFIER = io.github.tahirmt.XcodeTools.EditorExtension;
				PRODUCT_NAME = "$(TARGET_NAME)";
				SKIP_INSTALL = YES;
				SWIFT_EMIT_LOC_STRINGS = YES;
				SWIFT_VERSION = 5.0;
			};
			name = Debug;
		};
		C893F15A2838ACB700789013 /* Release */ = {
			isa = XCBuildConfiguration;
			buildSettings = {
				CODE_SIGN_ENTITLEMENTS = EditorExtension/EditorExtension.entitlements;
				CODE_SIGN_IDENTITY = "Apple Development";
				CODE_SIGN_STYLE = Automatic;
				COMBINE_HIDPI_IMAGES = YES;
				CURRENT_PROJECT_VERSION = 1;
				DEVELOPMENT_TEAM = U8KS828P9Y;
				ENABLE_HARDENED_RUNTIME = YES;
				GENERATE_INFOPLIST_FILE = YES;
				INFOPLIST_FILE = EditorExtension/Info.plist;
				INFOPLIST_KEY_CFBundleDisplayName = "Xcode Tools";
				INFOPLIST_KEY_NSHumanReadableCopyright = "";
				LD_RUNPATH_SEARCH_PATHS = (
					"$(inherited)",
					"@executable_path/../Frameworks",
					"@executable_path/../../../../Frameworks",
				);
				MARKETING_VERSION = 1.0;
				PRODUCT_BUNDLE_IDENTIFIER = io.github.tahirmt.XcodeTools.EditorExtension;
				PRODUCT_NAME = "$(TARGET_NAME)";
				SKIP_INSTALL = YES;
				SWIFT_EMIT_LOC_STRINGS = YES;
				SWIFT_VERSION = 5.0;
			};
			name = Release;
		};
/* End XCBuildConfiguration section */

/* Begin XCConfigurationList section */
		C893F1112838AC8500789013 /* Build configuration list for PBXProject "XcodeTools" */ = {
			isa = XCConfigurationList;
			buildConfigurations = (
				C893F1392838AC8800789013 /* Debug */,
				C893F13A2838AC8800789013 /* Release */,
			);
			defaultConfigurationIsVisible = 0;
			defaultConfigurationName = Release;
		};
		C893F13B2838AC8800789013 /* Build configuration list for PBXNativeTarget "XcodeTools" */ = {
			isa = XCConfigurationList;
			buildConfigurations = (
				C893F13C2838AC8800789013 /* Debug */,
				C893F13D2838AC8800789013 /* Release */,
			);
			defaultConfigurationIsVisible = 0;
			defaultConfigurationName = Release;
		};
		C893F13E2838AC8800789013 /* Build configuration list for PBXNativeTarget "XcodeToolsTests" */ = {
			isa = XCConfigurationList;
			buildConfigurations = (
				C893F13F2838AC8800789013 /* Debug */,
				C893F1402838AC8800789013 /* Release */,
			);
			defaultConfigurationIsVisible = 0;
			defaultConfigurationName = Release;
		};
		C893F1412838AC8800789013 /* Build configuration list for PBXNativeTarget "XcodeToolsUITests" */ = {
			isa = XCConfigurationList;
			buildConfigurations = (
				C893F1422838AC8800789013 /* Debug */,
				C893F1432838AC8800789013 /* Release */,
			);
			defaultConfigurationIsVisible = 0;
			defaultConfigurationName = Release;
		};
		C893F1582838ACB700789013 /* Build configuration list for PBXNativeTarget "Xcode Tools" */ = {
			isa = XCConfigurationList;
			buildConfigurations = (
				C893F1592838ACB700789013 /* Debug */,
				C893F15A2838ACB700789013 /* Release */,
			);
			defaultConfigurationIsVisible = 0;
			defaultConfigurationName = Release;
		};
/* End XCConfigurationList section */
	};
	rootObject = C893F10E2838AC8500789013 /* Project object */;
}
